<?xml version="1.0" encoding="utf-8"?>
<Project ToolsVersion="4.0" xmlns="http://schemas.microsoft.com/developer/msbuild/2003">
  <ItemGroup>
    <ClCompile Include="src\ofApp.cpp">
      <Filter>src</Filter>
    </ClCompile>
    <ClCompile Include="src\main.cpp">
      <Filter>src</Filter>
    </ClCompile>
    <ClCompile Include="src\recorder.cpp">
      <Filter>src</Filter>
    </ClCompile>
    <ClCompile Include="..\..\..\addons\ofxKinect2\src\ofxKinect2.cpp">
      <Filter>addons\ofxKinect2\src</Filter>
    </ClCompile>
    <ClCompile Include="..\..\..\addons\ofxXmlSettings\src\ofxXmlSettings.cpp">
      <Filter>addons\ofxXmlSettings\src</Filter>
    </ClCompile>
    <ClCompile Include="..\..\..\addons\ofxXmlSettings\libs\tinyxml.cpp">
      <Filter>addons\ofxXmlSettings\libs</Filter>
    </ClCompile>
    <ClCompile Include="..\..\..\addons\ofxXmlSettings\libs\tinyxmlerror.cpp">
      <Filter>addons\ofxXmlSettings\libs</Filter>
    </ClCompile>
    <ClCompile Include="..\..\..\addons\ofxXmlSettings\libs\tinyxmlparser.cpp">
      <Filter>addons\ofxXmlSettings\libs</Filter>
    </ClCompile>
    <ClCompile Include="..\..\..\addons\ofxUI\src\ofxUI2DGraph.cpp">
      <Filter>addons\ofxUI\src</Filter>
    </ClCompile>
    <ClCompile Include="..\..\..\addons\ofxUI\src\ofxUI2DPad.cpp">
      <Filter>addons\ofxUI\src</Filter>
    </ClCompile>
    <ClCompile Include="..\..\..\addons\ofxUI\src\ofxUIBaseDraws.cpp">
      <Filter>addons\ofxUI\src</Filter>
    </ClCompile>
    <ClCompile Include="..\..\..\addons\ofxUI\src\ofxUIBiLabelSlider.cpp">
      <Filter>addons\ofxUI\src</Filter>
    </ClCompile>
    <ClCompile Include="..\..\..\addons\ofxUI\src\ofxUIButton.cpp">
      <Filter>addons\ofxUI\src</Filter>
    </ClCompile>
    <ClCompile Include="..\..\..\addons\ofxUI\src\ofxUICanvas.cpp">
      <Filter>addons\ofxUI\src</Filter>
    </ClCompile>
    <ClCompile Include="..\..\..\addons\ofxUI\src\ofxUICircleSlider.cpp">
      <Filter>addons\ofxUI\src</Filter>
    </ClCompile>
    <ClCompile Include="..\..\..\addons\ofxUI\src\ofxUIDragableLabelButton.cpp">
      <Filter>addons\ofxUI\src</Filter>
    </ClCompile>
    <ClCompile Include="..\..\..\addons\ofxUI\src\ofxUIDropDownList.cpp">
      <Filter>addons\ofxUI\src</Filter>
    </ClCompile>
    <ClCompile Include="..\..\..\addons\ofxUI\src\ofxUIEventArgs.cpp">
      <Filter>addons\ofxUI\src</Filter>
    </ClCompile>
    <ClCompile Include="..\..\..\addons\ofxUI\src\ofxUIFPS.cpp">
      <Filter>addons\ofxUI\src</Filter>
    </ClCompile>
    <ClCompile Include="..\..\..\addons\ofxUI\src\ofxUIFPSSlider.cpp">
      <Filter>addons\ofxUI\src</Filter>
    </ClCompile>
    <ClCompile Include="..\..\..\addons\ofxUI\src\ofxUIImage.cpp">
      <Filter>addons\ofxUI\src</Filter>
    </ClCompile>
    <ClCompile Include="..\..\..\addons\ofxUI\src\ofxUIImageButton.cpp">
      <Filter>addons\ofxUI\src</Filter>
    </ClCompile>
    <ClCompile Include="..\..\..\addons\ofxUI\src\ofxUIImageSampler.cpp">
      <Filter>addons\ofxUI\src</Filter>
    </ClCompile>
    <ClCompile Include="..\..\..\addons\ofxUI\src\ofxUIImageSlider.cpp">
      <Filter>addons\ofxUI\src</Filter>
    </ClCompile>
    <ClCompile Include="..\..\..\addons\ofxUI\src\ofxUIImageToggle.cpp">
      <Filter>addons\ofxUI\src</Filter>
    </ClCompile>
    <ClCompile Include="..\..\..\addons\ofxUI\src\ofxUILabel.cpp">
      <Filter>addons\ofxUI\src</Filter>
    </ClCompile>
    <ClCompile Include="..\..\..\addons\ofxUI\src\ofxUILabelButton.cpp">
      <Filter>addons\ofxUI\src</Filter>
    </ClCompile>
    <ClCompile Include="..\..\..\addons\ofxUI\src\ofxUILabelToggle.cpp">
      <Filter>addons\ofxUI\src</Filter>
    </ClCompile>
    <ClCompile Include="..\..\..\addons\ofxUI\src\ofxUIMinimalSlider.cpp">
      <Filter>addons\ofxUI\src</Filter>
    </ClCompile>
    <ClCompile Include="..\..\..\addons\ofxUI\src\ofxUIMovingGraph.cpp">
      <Filter>addons\ofxUI\src</Filter>
    </ClCompile>
    <ClCompile Include="..\..\..\addons\ofxUI\src\ofxUIMultiImageButton.cpp">
      <Filter>addons\ofxUI\src</Filter>
    </ClCompile>
    <ClCompile Include="..\..\..\addons\ofxUI\src\ofxUIMultiImageToggle.cpp">
      <Filter>addons\ofxUI\src</Filter>
    </ClCompile>
    <ClCompile Include="..\..\..\addons\ofxUI\src\ofxUINumberDialer.cpp">
      <Filter>addons\ofxUI\src</Filter>
    </ClCompile>
    <ClCompile Include="..\..\..\addons\ofxUI\src\ofxUIRadio.cpp">
      <Filter>addons\ofxUI\src</Filter>
    </ClCompile>
    <ClCompile Include="..\..\..\addons\ofxUI\src\ofxUIRangeSlider.cpp">
      <Filter>addons\ofxUI\src</Filter>
    </ClCompile>
    <ClCompile Include="..\..\..\addons\ofxUI\src\ofxUIRectangle.cpp">
      <Filter>addons\ofxUI\src</Filter>
    </ClCompile>
    <ClCompile Include="..\..\..\addons\ofxUI\src\ofxUIRotarySlider.cpp">
      <Filter>addons\ofxUI\src</Filter>
    </ClCompile>
    <ClCompile Include="..\..\..\addons\ofxUI\src\ofxUIScrollableCanvas.cpp">
      <Filter>addons\ofxUI\src</Filter>
    </ClCompile>
    <ClCompile Include="..\..\..\addons\ofxUI\src\ofxUISlider.cpp">
      <Filter>addons\ofxUI\src</Filter>
    </ClCompile>
    <ClCompile Include="..\..\..\addons\ofxUI\src\ofxUISortableList.cpp">
      <Filter>addons\ofxUI\src</Filter>
    </ClCompile>
    <ClCompile Include="..\..\..\addons\ofxUI\src\ofxUISpacer.cpp">
      <Filter>addons\ofxUI\src</Filter>
    </ClCompile>
    <ClCompile Include="..\..\..\addons\ofxUI\src\ofxUISpectrum.cpp">
      <Filter>addons\ofxUI\src</Filter>
    </ClCompile>
    <ClCompile Include="..\..\..\addons\ofxUI\src\ofxUISuperCanvas.cpp">
      <Filter>addons\ofxUI\src</Filter>
    </ClCompile>
    <ClCompile Include="..\..\..\addons\ofxUI\src\ofxUITabBar.cpp">
      <Filter>addons\ofxUI\src</Filter>
    </ClCompile>
    <ClCompile Include="..\..\..\addons\ofxUI\src\ofxUITextArea.cpp">
      <Filter>addons\ofxUI\src</Filter>
    </ClCompile>
    <ClCompile Include="..\..\..\addons\ofxUI\src\ofxUITextInput.cpp">
      <Filter>addons\ofxUI\src</Filter>
    </ClCompile>
    <ClCompile Include="..\..\..\addons\ofxUI\src\ofxUIToggle.cpp">
      <Filter>addons\ofxUI\src</Filter>
    </ClCompile>
    <ClCompile Include="..\..\..\addons\ofxUI\src\ofxUIToggleMatrix.cpp">
      <Filter>addons\ofxUI\src</Filter>
    </ClCompile>
    <ClCompile Include="..\..\..\addons\ofxUI\src\ofxUIValuePlotter.cpp">
      <Filter>addons\ofxUI\src</Filter>
    </ClCompile>
    <ClCompile Include="..\..\..\addons\ofxUI\src\ofxUIWaveform.cpp">
      <Filter>addons\ofxUI\src</Filter>
    </ClCompile>
    <ClCompile Include="..\..\..\addons\ofxUI\src\ofxUIWidget.cpp">
      <Filter>addons\ofxUI\src</Filter>
    </ClCompile>
    <ClCompile Include="..\..\..\addons\ofxUI\src\ofxUIWidgetWithLabel.cpp">
      <Filter>addons\ofxUI\src</Filter>
    </ClCompile>
    <ClCompile Include="..\..\..\addons\ofxKinectForWindows2\src\ofxKinectForWindows2\Device.cpp">
      <Filter>addons\ofxKinectForWindows2\src\ofxKinectForWindows2</Filter>
    </ClCompile>
    <ClCompile Include="..\..\..\addons\ofxKinectForWindows2\src\ofxKinectForWindows2\Utils.cpp">
      <Filter>addons\ofxKinectForWindows2\src\ofxKinectForWindows2</Filter>
    </ClCompile>
    <ClCompile Include="..\..\..\addons\ofxKinectForWindows2\src\ofxKinectForWindows2\Source\BaseImage.cpp">
      <Filter>addons\ofxKinectForWindows2\src\ofxKinectForWindows2\Source</Filter>
    </ClCompile>
    <ClCompile Include="..\..\..\addons\ofxKinectForWindows2\src\ofxKinectForWindows2\Source\BodyIndex.cpp">
      <Filter>addons\ofxKinectForWindows2\src\ofxKinectForWindows2\Source</Filter>
    </ClCompile>
    <ClCompile Include="..\..\..\addons\ofxKinectForWindows2\src\ofxKinectForWindows2\Source\Color.cpp">
      <Filter>addons\ofxKinectForWindows2\src\ofxKinectForWindows2\Source</Filter>
    </ClCompile>
    <ClCompile Include="..\..\..\addons\ofxKinectForWindows2\src\ofxKinectForWindows2\Source\Depth.cpp">
      <Filter>addons\ofxKinectForWindows2\src\ofxKinectForWindows2\Source</Filter>
    </ClCompile>
    <ClCompile Include="..\..\..\addons\ofxKinectForWindows2\src\ofxKinectForWindows2\Source\Infrared.cpp">
      <Filter>addons\ofxKinectForWindows2\src\ofxKinectForWindows2\Source</Filter>
    </ClCompile>
    <ClCompile Include="..\..\..\addons\ofxKinectForWindows2\src\ofxKinectForWindows2\Source\LongExposureInfraRed.cpp">
      <Filter>addons\ofxKinectForWindows2\src\ofxKinectForWindows2\Source</Filter>
    </ClCompile>
    <ClCompile Include="src\mapDepthToColor.cpp">
      <Filter>src</Filter>
    </ClCompile>
  </ItemGroup>
  <ItemGroup>
    <Filter Include="src">
      <UniqueIdentifier>{d8376475-7454-4a24-b08a-aac121d3ad6f}</UniqueIdentifier>
    </Filter>
    <Filter Include="addons">
      <UniqueIdentifier>{53095aae-f269-4e86-b6d8-37481c7aa224}</UniqueIdentifier>
    </Filter>
    <Filter Include="addons\ofxKinect2">
      <UniqueIdentifier>{cf6dd3f5-d2b8-4adb-afea-e23ee35731fb}</UniqueIdentifier>
    </Filter>
    <Filter Include="addons\ofxKinect2\src">
      <UniqueIdentifier>{ce467941-b054-48f9-bcc1-a4c341bd1ac9}</UniqueIdentifier>
    </Filter>
    <Filter Include="addons\ofxUI">
      <UniqueIdentifier>{71ef30d6-69db-4f73-af06-399fbd815171}</UniqueIdentifier>
    </Filter>
    <Filter Include="addons\ofxXmlSettings">
      <UniqueIdentifier>{c3132ba9-dc25-4bb3-aa95-d375d46b8100}</UniqueIdentifier>
    </Filter>
    <Filter Include="addons\ofxXmlSettings\src">
      <UniqueIdentifier>{dac0de82-25ba-4519-a271-42db75a5f00e}</UniqueIdentifier>
    </Filter>
    <Filter Include="addons\ofxXmlSettings\libs">
      <UniqueIdentifier>{c8fe42c1-613c-457c-a926-272d291c2c65}</UniqueIdentifier>
    </Filter>
    <Filter Include="addons\ofxKinectForWindows2">
      <UniqueIdentifier>{49c57ed7-62ea-4fef-a83a-86a3494f1592}</UniqueIdentifier>
    </Filter>
    <Filter Include="addons\ofxKinectForWindows2\src">
      <UniqueIdentifier>{5f43a07a-19e4-41ca-b858-d9d4475912e1}</UniqueIdentifier>
    </Filter>
    <Filter Include="addons\ofxUI\src">
      <UniqueIdentifier>{42c7cb12-543f-47fb-9149-81cb95620576}</UniqueIdentifier>
    </Filter>
    <Filter Include="addons\ofxKinectForWindows2\src\ofxKinectForWindows2">
      <UniqueIdentifier>{c2a5b04f-924c-4c0a-8882-d47e77351735}</UniqueIdentifier>
    </Filter>
    <Filter Include="addons\ofxKinectForWindows2\src\ofxKinectForWindows2\Source">
      <UniqueIdentifier>{dd89f3f4-5208-416f-b6b3-5b28152c67ef}</UniqueIdentifier>
    </Filter>
    <Filter Include="addons\ofxKinect2\src\utils">
      <UniqueIdentifier>{02c6dac2-8114-4eb2-b239-fb369bd4e00a}</UniqueIdentifier>
    </Filter>
  </ItemGroup>
  <ItemGroup>
    <ClInclude Include="src\ofApp.h">
      <Filter>src</Filter>
    </ClInclude>
    <ClInclude Include="src\recorder.h">
      <Filter>src</Filter>
    </ClInclude>
    <ClInclude Include="..\..\..\addons\ofxKinect2\src\ofxKinect2.h">
      <Filter>addons\ofxKinect2\src</Filter>
    </ClInclude>
    <ClInclude Include="..\..\..\addons\ofxKinect2\src\ofxKinect2Enums.h">
      <Filter>addons\ofxKinect2\src</Filter>
    </ClInclude>
    <ClInclude Include="..\..\..\addons\ofxKinect2\src\ofxKinect2Types.h">
      <Filter>addons\ofxKinect2\src</Filter>
    </ClInclude>
    <ClInclude Include="..\..\..\addons\ofxXmlSettings\src\ofxXmlSettings.h">
      <Filter>addons\ofxXmlSettings\src</Filter>
    </ClInclude>
    <ClInclude Include="..\..\..\addons\ofxXmlSettings\libs\tinyxml.h">
      <Filter>addons\ofxXmlSettings\libs</Filter>
    </ClInclude>
    <ClInclude Include="..\..\..\addons\ofxUI\src\ofxUI.h">
      <Filter>addons\ofxUI\src</Filter>
    </ClInclude>
    <ClInclude Include="..\..\..\addons\ofxUI\src\ofxUI2DGraph.h">
      <Filter>addons\ofxUI\src</Filter>
    </ClInclude>
    <ClInclude Include="..\..\..\addons\ofxUI\src\ofxUI2DPad.h">
      <Filter>addons\ofxUI\src</Filter>
    </ClInclude>
    <ClInclude Include="..\..\..\addons\ofxUI\src\ofxUIBaseDraws.h">
      <Filter>addons\ofxUI\src</Filter>
    </ClInclude>
    <ClInclude Include="..\..\..\addons\ofxUI\src\ofxUIBiLabelSlider.h">
      <Filter>addons\ofxUI\src</Filter>
    </ClInclude>
    <ClInclude Include="..\..\..\addons\ofxUI\src\ofxUIButton.h">
      <Filter>addons\ofxUI\src</Filter>
    </ClInclude>
    <ClInclude Include="..\..\..\addons\ofxUI\src\ofxUICanvas.h">
      <Filter>addons\ofxUI\src</Filter>
    </ClInclude>
    <ClInclude Include="..\..\..\addons\ofxUI\src\ofxUICircleSlider.h">
      <Filter>addons\ofxUI\src</Filter>
    </ClInclude>
    <ClInclude Include="..\..\..\addons\ofxUI\src\ofxUIDefines.h">
      <Filter>addons\ofxUI\src</Filter>
    </ClInclude>
    <ClInclude Include="..\..\..\addons\ofxUI\src\ofxUIDragableLabelButton.h">
      <Filter>addons\ofxUI\src</Filter>
    </ClInclude>
    <ClInclude Include="..\..\..\addons\ofxUI\src\ofxUIDropDownList.h">
      <Filter>addons\ofxUI\src</Filter>
    </ClInclude>
    <ClInclude Include="..\..\..\addons\ofxUI\src\ofxUIEventArgs.h">
      <Filter>addons\ofxUI\src</Filter>
    </ClInclude>
    <ClInclude Include="..\..\..\addons\ofxUI\src\ofxUIFPS.h">
      <Filter>addons\ofxUI\src</Filter>
    </ClInclude>
    <ClInclude Include="..\..\..\addons\ofxUI\src\ofxUIFPSSlider.h">
      <Filter>addons\ofxUI\src</Filter>
    </ClInclude>
    <ClInclude Include="..\..\..\addons\ofxUI\src\ofxUIImage.h">
      <Filter>addons\ofxUI\src</Filter>
    </ClInclude>
    <ClInclude Include="..\..\..\addons\ofxUI\src\ofxUIImageButton.h">
      <Filter>addons\ofxUI\src</Filter>
    </ClInclude>
    <ClInclude Include="..\..\..\addons\ofxUI\src\ofxUIImageSampler.h">
      <Filter>addons\ofxUI\src</Filter>
    </ClInclude>
    <ClInclude Include="..\..\..\addons\ofxUI\src\ofxUIImageSlider.h">
      <Filter>addons\ofxUI\src</Filter>
    </ClInclude>
    <ClInclude Include="..\..\..\addons\ofxUI\src\ofxUIImageToggle.h">
      <Filter>addons\ofxUI\src</Filter>
    </ClInclude>
    <ClInclude Include="..\..\..\addons\ofxUI\src\ofxUILabel.h">
      <Filter>addons\ofxUI\src</Filter>
    </ClInclude>
    <ClInclude Include="..\..\..\addons\ofxUI\src\ofxUILabelButton.h">
      <Filter>addons\ofxUI\src</Filter>
    </ClInclude>
    <ClInclude Include="..\..\..\addons\ofxUI\src\ofxUILabelToggle.h">
      <Filter>addons\ofxUI\src</Filter>
    </ClInclude>
    <ClInclude Include="..\..\..\addons\ofxUI\src\ofxUIMinimalSlider.h">
      <Filter>addons\ofxUI\src</Filter>
    </ClInclude>
    <ClInclude Include="..\..\..\addons\ofxUI\src\ofxUIMovingGraph.h">
      <Filter>addons\ofxUI\src</Filter>
    </ClInclude>
    <ClInclude Include="..\..\..\addons\ofxUI\src\ofxUIMultiImageButton.h">
      <Filter>addons\ofxUI\src</Filter>
    </ClInclude>
    <ClInclude Include="..\..\..\addons\ofxUI\src\ofxUIMultiImageToggle.h">
      <Filter>addons\ofxUI\src</Filter>
    </ClInclude>
    <ClInclude Include="..\..\..\addons\ofxUI\src\ofxUINumberDialer.h">
      <Filter>addons\ofxUI\src</Filter>
    </ClInclude>
    <ClInclude Include="..\..\..\addons\ofxUI\src\ofxUIOFWrapper.h">
      <Filter>addons\ofxUI\src</Filter>
    </ClInclude>
    <ClInclude Include="..\..\..\addons\ofxUI\src\ofxUIRadio.h">
      <Filter>addons\ofxUI\src</Filter>
    </ClInclude>
    <ClInclude Include="..\..\..\addons\ofxUI\src\ofxUIRangeSlider.h">
      <Filter>addons\ofxUI\src</Filter>
    </ClInclude>
    <ClInclude Include="..\..\..\addons\ofxUI\src\ofxUIRectangle.h">
      <Filter>addons\ofxUI\src</Filter>
    </ClInclude>
    <ClInclude Include="..\..\..\addons\ofxUI\src\ofxUIRotarySlider.h">
      <Filter>addons\ofxUI\src</Filter>
    </ClInclude>
    <ClInclude Include="..\..\..\addons\ofxUI\src\ofxUIScrollableCanvas.h">
      <Filter>addons\ofxUI\src</Filter>
    </ClInclude>
    <ClInclude Include="..\..\..\addons\ofxUI\src\ofxUISlider.h">
      <Filter>addons\ofxUI\src</Filter>
    </ClInclude>
    <ClInclude Include="..\..\..\addons\ofxUI\src\ofxUISortableList.h">
      <Filter>addons\ofxUI\src</Filter>
    </ClInclude>
    <ClInclude Include="..\..\..\addons\ofxUI\src\ofxUISpacer.h">
      <Filter>addons\ofxUI\src</Filter>
    </ClInclude>
    <ClInclude Include="..\..\..\addons\ofxUI\src\ofxUISpectrum.h">
      <Filter>addons\ofxUI\src</Filter>
    </ClInclude>
    <ClInclude Include="..\..\..\addons\ofxUI\src\ofxUISuperCanvas.h">
      <Filter>addons\ofxUI\src</Filter>
    </ClInclude>
    <ClInclude Include="..\..\..\addons\ofxUI\src\ofxUITabBar.h">
      <Filter>addons\ofxUI\src</Filter>
    </ClInclude>
    <ClInclude Include="..\..\..\addons\ofxUI\src\ofxUITextArea.h">
      <Filter>addons\ofxUI\src</Filter>
    </ClInclude>
    <ClInclude Include="..\..\..\addons\ofxUI\src\ofxUITextInput.h">
      <Filter>addons\ofxUI\src</Filter>
    </ClInclude>
    <ClInclude Include="..\..\..\addons\ofxUI\src\ofxUIToggle.h">
      <Filter>addons\ofxUI\src</Filter>
    </ClInclude>
    <ClInclude Include="..\..\..\addons\ofxUI\src\ofxUIToggleMatrix.h">
      <Filter>addons\ofxUI\src</Filter>
    </ClInclude>
    <ClInclude Include="..\..\..\addons\ofxUI\src\ofxUIUtils.h">
      <Filter>addons\ofxUI\src</Filter>
    </ClInclude>
    <ClInclude Include="..\..\..\addons\ofxUI\src\ofxUIValuePlotter.h">
      <Filter>addons\ofxUI\src</Filter>
    </ClInclude>
    <ClInclude Include="..\..\..\addons\ofxUI\src\ofxUIWaveform.h">
      <Filter>addons\ofxUI\src</Filter>
    </ClInclude>
    <ClInclude Include="..\..\..\addons\ofxUI\src\ofxUIWidget.h">
      <Filter>addons\ofxUI\src</Filter>
    </ClInclude>
    <ClInclude Include="..\..\..\addons\ofxUI\src\ofxUIWidgets.h">
      <Filter>addons\ofxUI\src</Filter>
    </ClInclude>
    <ClInclude Include="..\..\..\addons\ofxUI\src\ofxUIWidgetWithLabel.h">
      <Filter>addons\ofxUI\src</Filter>
    </ClInclude>
    <ClInclude Include="..\..\..\addons\ofxUI\src\ofxUIWrapper.h">
      <Filter>addons\ofxUI\src</Filter>
    </ClInclude>
    <ClInclude Include="..\..\..\addons\ofxKinectForWindows2\src\ofxKinectForWindows2.h">
      <Filter>addons\ofxKinectForWindows2\src</Filter>
    </ClInclude>
    <ClInclude Include="..\..\..\addons\ofxKinectForWindows2\src\ofxKinectForWindows2\Device.h">
      <Filter>addons\ofxKinectForWindows2\src\ofxKinectForWindows2</Filter>
    </ClInclude>
    <ClInclude Include="..\..\..\addons\ofxKinectForWindows2\src\ofxKinectForWindows2\Utils.h">
      <Filter>addons\ofxKinectForWindows2\src\ofxKinectForWindows2</Filter>
    </ClInclude>
    <ClInclude Include="..\..\..\addons\ofxKinectForWindows2\src\ofxKinectForWindows2\Source\Base.h">
      <Filter>addons\ofxKinectForWindows2\src\ofxKinectForWindows2\Source</Filter>
    </ClInclude>
    <ClInclude Include="..\..\..\addons\ofxKinectForWindows2\src\ofxKinectForWindows2\Source\BaseImage.h">
      <Filter>addons\ofxKinectForWindows2\src\ofxKinectForWindows2\Source</Filter>
    </ClInclude>
    <ClInclude Include="..\..\..\addons\ofxKinectForWindows2\src\ofxKinectForWindows2\Source\BodyIndex.h">
      <Filter>addons\ofxKinectForWindows2\src\ofxKinectForWindows2\Source</Filter>
    </ClInclude>
    <ClInclude Include="..\..\..\addons\ofxKinectForWindows2\src\ofxKinectForWindows2\Source\Color.h">
      <Filter>addons\ofxKinectForWindows2\src\ofxKinectForWindows2\Source</Filter>
    </ClInclude>
    <ClInclude Include="..\..\..\addons\ofxKinectForWindows2\src\ofxKinectForWindows2\Source\Depth.h">
      <Filter>addons\ofxKinectForWindows2\src\ofxKinectForWindows2\Source</Filter>
    </ClInclude>
    <ClInclude Include="..\..\..\addons\ofxKinectForWindows2\src\ofxKinectForWindows2\Source\Infrared.h">
      <Filter>addons\ofxKinectForWindows2\src\ofxKinectForWindows2\Source</Filter>
    </ClInclude>
    <ClInclude Include="..\..\..\addons\ofxKinectForWindows2\src\ofxKinectForWindows2\Source\LongExposureInfrared.h">
      <Filter>addons\ofxKinectForWindows2\src\ofxKinectForWindows2\Source</Filter>
    </ClInclude>
    <ClInclude Include="..\..\..\addons\ofxKinect2\src\utils\DepthRemapToRange.h">
      <Filter>addons\ofxKinect2\src\utils</Filter>
    </ClInclude>
    <ClInclude Include="..\..\..\addons\ofxKinect2\src\utils\DoubleBuffer.h">
      <Filter>addons\ofxKinect2\src\utils</Filter>
    </ClInclude>
    <ClInclude Include="..\..\..\addons\ofxKinect2\src\utils\MeshGenerator.h">
      <Filter>addons\ofxKinect2\src\utils</Filter>
    </ClInclude>
    <ClInclude Include="src\mapDepthToColor.h">
      <Filter>src</Filter>
    </ClInclude>
  </ItemGroup>
  <ItemGroup>
    <ResourceCompile Include="icon.rc" />
  </ItemGroup>
</Project>